# This file is automatically @generated by Cargo.
# It is not intended for manual editing.
version = 4

[[package]]
name = "edition"
version = "1.0.1"
dependencies = [
 "rust-2015",
 "rust-2018",
 "rust-2021",
 "rust-2024",
]

[[package]]
name = "reedition"
version = "1.0.1"

[[package]]
name = "rust-2015"
version = "1.0.1"
dependencies = [
 "reedition",
]

[[package]]
name = "rust-2018"
version = "1.1.1"
dependencies = [
 "reedition",
]

[[package]]
name = "rust-2021"
version = "1.0.1"
dependencies = [
 "reedition",
]

[[package]]
name = "rust-2024"
version = "1.0.1"
dependencies = [
 "reedition",
]
